
Microsoft Visual Studio Solution File, Format Version 12.00
# Visual Studio Version 16
VisualStudioVersion = 16.0.29609.76
MinimumVisualStudioVersion = 10.0.40219.1
Project("{FAE04EC0-301F-11D3-BF4B-00C04F79EFBC}") = "Monitor", "Monitor.csproj", "{EAB53A1E-8610-4CCB-8958-F313C89607DB}"
EndProject
Global
	GlobalSection(SolutionConfigurationPlatforms) = preSolution
		Debug|Any CPU = Debug|Any CPU
		Release|Any CPU = Release|Any CPU
	EndGlobalSection
	GlobalSection(ProjectConfigurationPlatforms) = postSolution
		{EAB53A1E-8610-4CCB-8958-F313C89607DB}.Debug|Any CPU.ActiveCfg = Debug|Any CPU
		{EAB53A1E-8610-4CCB-8958-F313C89607DB}.Debug|Any CPU.Build.0 = Debug|Any CPU
		{EAB53A1E-8610-4CCB-8958-F313C89607DB}.Release|Any CPU.ActiveCfg = Release|Any CPU
		{EAB53A1E-8610-4CCB-8958-F313C89607DB}.Release|Any CPU.Build.0 = Release|Any CPU
	EndGlobalSection
	GlobalSection(SolutionProperties) = preSolution
		HideSolutionNode = FALSE
	EndGlobalSection
	GlobalSection(ExtensibilityGlobals) = postSolution
		SolutionGuid = {9CB85D4C-4E5A-4A05-A571-E3A0276959AE}
	EndGlobalSection
EndGlobal
